// !$*UTF8*$!
{
	archiveVersion = 1;
	classes = {
	};
	objectVersion = 46;
	objects = {

/* Begin PBXBuildFile section */
		361EB20F1F4C00D20015180A /* VZPopMenu.m in Sources */ = {isa = PBXBuildFile; fileRef = 361EB2081F4C00D20015180A /* VZPopMenu.m */; };
		361EB2101F4C00D20015180A /* VZPopMenuCell.m in Sources */ = {isa = PBXBuildFile; fileRef = 361EB20A1F4C00D20015180A /* VZPopMenuCell.m */; };
		361EB2111F4C00D20015180A /* VZPopMenuConfig.m in Sources */ = {isa = PBXBuildFile; fileRef = 361EB20C1F4C00D20015180A /* VZPopMenuConfig.m */; };
		361EB2121F4C00D20015180A /* VZPopMenuView.m in Sources */ = {isa = PBXBuildFile; fileRef = 361EB20E1F4C00D20015180A /* VZPopMenuView.m */; };
		363426E81F4EA9E9003DE73F /* icon_search_history_delete.png in Resources */ = {isa = PBXBuildFile; fileRef = 363426E71F4EA9E9003DE73F /* icon_search_history_delete.png */; };
		366ACFDD2060BB470014DCF9 /* VZDownloadManager.m in Sources */ = {isa = PBXBuildFile; fileRef = 366ACFDC2060BB470014DCF9 /* VZDownloadManager.m */; };
		366ACFDE2060D2580014DCF9 /* VZDownloader.m in Sources */ = {isa = PBXBuildFile; fileRef = 366ACFD92060BB380014DCF9 /* VZDownloader.m */; };
		366ACFDF2060D2690014DCF9 /* VZDownloadDBHandler.m in Sources */ = {isa = PBXBuildFile; fileRef = 366ACFD62060BB240014DCF9 /* VZDownloadDBHandler.m */; };
		369998091F32C4B000603FD3 /* VZTagView.m in Sources */ = {isa = PBXBuildFile; fileRef = 369998071F32C4B000603FD3 /* VZTagView.m */; };
		369998101F32D1D100603FD3 /* UIImage+VZUtil.m in Sources */ = {isa = PBXBuildFile; fileRef = 3699980F1F32D1D100603FD3 /* UIImage+VZUtil.m */; };
		369998341F3310A000603FD3 /* VZMenuButton.m in Sources */ = {isa = PBXBuildFile; fileRef = 3699982A1F3310A000603FD3 /* VZMenuButton.m */; };
		369998351F3310A000603FD3 /* VZMenuCollectionView.m in Sources */ = {isa = PBXBuildFile; fileRef = 3699982D1F3310A000603FD3 /* VZMenuCollectionView.m */; };
		369998361F3310A000603FD3 /* VZNavigationMenu.m in Sources */ = {isa = PBXBuildFile; fileRef = 3699982F1F3310A000603FD3 /* VZNavigationMenu.m */; };
		369998371F3310A000603FD3 /* VZNavigationMenuCell.m in Sources */ = {isa = PBXBuildFile; fileRef = 369998311F3310A000603FD3 /* VZNavigationMenuCell.m */; };
		369998381F3310A000603FD3 /* VZNavigationMenuConfig.m in Sources */ = {isa = PBXBuildFile; fileRef = 369998331F3310A000603FD3 /* VZNavigationMenuConfig.m */; };
		369998491F3326B800603FD3 /* VZSearchHistoryAndHotController.m in Sources */ = {isa = PBXBuildFile; fileRef = 369998451F3326B800603FD3 /* VZSearchHistoryAndHotController.m */; };
		3699984A1F3326B800603FD3 /* VZSearchHistoryCell.m in Sources */ = {isa = PBXBuildFile; fileRef = 369998461F3326B800603FD3 /* VZSearchHistoryCell.m */; };
		3699984D1F3326C200603FD3 /* VZSearchHistoryAndHotViewModel.m in Sources */ = {isa = PBXBuildFile; fileRef = 3699984B1F3326C200603FD3 /* VZSearchHistoryAndHotViewModel.m */; };
		529EF8881F1EF77200515CAD /* VZBaseRequest.m in Sources */ = {isa = PBXBuildFile; fileRef = 529EF8831F1EF77200515CAD /* VZBaseRequest.m */; };
		529EF8891F1EF77200515CAD /* VZNetworkServer.m in Sources */ = {isa = PBXBuildFile; fileRef = 529EF8851F1EF77200515CAD /* VZNetworkServer.m */; };
		529EF88A1F1EF77200515CAD /* VZResponseCache.m in Sources */ = {isa = PBXBuildFile; fileRef = 529EF8871F1EF77200515CAD /* VZResponseCache.m */; };
		5BD965DDBB9E3331405C09DD /* Pods_VZKit_Tests.framework in Frameworks */ = {isa = PBXBuildFile; fileRef = 1101324E309E23F9175DCC9D /* Pods_VZKit_Tests.framework */; };
		6003F5B0195388D20070C39A /* XCTest.framework in Frameworks */ = {isa = PBXBuildFile; fileRef = 6003F5AF195388D20070C39A /* XCTest.framework */; };
		6003F5B1195388D20070C39A /* Foundation.framework in Frameworks */ = {isa = PBXBuildFile; fileRef = 6003F58D195388D20070C39A /* Foundation.framework */; };
		6003F5B2195388D20070C39A /* UIKit.framework in Frameworks */ = {isa = PBXBuildFile; fileRef = 6003F591195388D20070C39A /* UIKit.framework */; };
		6003F5BA195388D20070C39A /* InfoPlist.strings in Resources */ = {isa = PBXBuildFile; fileRef = 6003F5B8195388D20070C39A /* InfoPlist.strings */; };
		6003F5BC195388D20070C39A /* Tests.m in Sources */ = {isa = PBXBuildFile; fileRef = 6003F5BB195388D20070C39A /* Tests.m */; };
/* End PBXBuildFile section */

/* Begin PBXFileReference section */
		1101324E309E23F9175DCC9D /* Pods_VZKit_Tests.framework */ = {isa = PBXFileReference; explicitFileType = wrapper.framework; includeInIndex = 0; path = Pods_VZKit_Tests.framework; sourceTree = BUILT_PRODUCTS_DIR; };
		361EB2071F4C00D20015180A /* VZPopMenu.h */ = {isa = PBXFileReference; fileEncoding = 4; lastKnownFileType = sourcecode.c.h; path = VZPopMenu.h; sourceTree = "<group>"; };
		361EB2081F4C00D20015180A /* VZPopMenu.m */ = {isa = PBXFileReference; fileEncoding = 4; lastKnownFileType = sourcecode.c.objc; path = VZPopMenu.m; sourceTree = "<group>"; };
		361EB2091F4C00D20015180A /* VZPopMenuCell.h */ = {isa = PBXFileReference; fileEncoding = 4; lastKnownFileType = sourcecode.c.h; path = VZPopMenuCell.h; sourceTree = "<group>"; };
		361EB20A1F4C00D20015180A /* VZPopMenuCell.m */ = {isa = PBXFileReference; fileEncoding = 4; lastKnownFileType = sourcecode.c.objc; path = VZPopMenuCell.m; sourceTree = "<group>"; };
		361EB20B1F4C00D20015180A /* VZPopMenuConfig.h */ = {isa = PBXFileReference; fileEncoding = 4; lastKnownFileType = sourcecode.c.h; path = VZPopMenuConfig.h; sourceTree = "<group>"; };
		361EB20C1F4C00D20015180A /* VZPopMenuConfig.m */ = {isa = PBXFileReference; fileEncoding = 4; lastKnownFileType = sourcecode.c.objc; path = VZPopMenuConfig.m; sourceTree = "<group>"; };
		361EB20D1F4C00D20015180A /* VZPopMenuView.h */ = {isa = PBXFileReference; fileEncoding = 4; lastKnownFileType = sourcecode.c.h; path = VZPopMenuView.h; sourceTree = "<group>"; };
		361EB20E1F4C00D20015180A /* VZPopMenuView.m */ = {isa = PBXFileReference; fileEncoding = 4; lastKnownFileType = sourcecode.c.objc; path = VZPopMenuView.m; sourceTree = "<group>"; };
		362EB0431F21F51D00267294 /* VZAlignmentLabel.h */ = {isa = PBXFileReference; lastKnownFileType = sourcecode.c.h; path = VZAlignmentLabel.h; sourceTree = "<group>"; };
		362EB0441F21F51D00267294 /* VZAlignmentLabel.m */ = {isa = PBXFileReference; lastKnownFileType = sourcecode.c.objc; path = VZAlignmentLabel.m; sourceTree = "<group>"; };
		362EB04D1F21F67700267294 /* UIColor+VZUtil.h */ = {isa = PBXFileReference; lastKnownFileType = sourcecode.c.h; path = "UIColor+VZUtil.h"; sourceTree = "<group>"; };
		362EB04E1F21F67700267294 /* UIColor+VZUtil.m */ = {isa = PBXFileReference; lastKnownFileType = sourcecode.c.objc; path = "UIColor+VZUtil.m"; sourceTree = "<group>"; };
		362EB0531F21F75B00267294 /* VZControlCreator.m */ = {isa = PBXFileReference; lastKnownFileType = sourcecode.c.objc; path = VZControlCreator.m; sourceTree = "<group>"; };
		362EB0541F21F75B00267294 /* VZControlCreator.h */ = {isa = PBXFileReference; lastKnownFileType = sourcecode.c.h; path = VZControlCreator.h; sourceTree = "<group>"; };
		362EB0581F21FDA200267294 /* VZListViewDelegate.h */ = {isa = PBXFileReference; lastKnownFileType = sourcecode.c.h; path = VZListViewDelegate.h; sourceTree = "<group>"; };
		362EB05D1F22099500267294 /* VZListViewController.h */ = {isa = PBXFileReference; lastKnownFileType = sourcecode.c.h; path = VZListViewController.h; sourceTree = "<group>"; };
		362EB05E1F22099500267294 /* VZListViewController.m */ = {isa = PBXFileReference; lastKnownFileType = sourcecode.c.objc; path = VZListViewController.m; sourceTree = "<group>"; };
		3633665B1F21D22A00A8F5EB /* VZBaseViewModel.h */ = {isa = PBXFileReference; lastKnownFileType = sourcecode.c.h; path = VZBaseViewModel.h; sourceTree = "<group>"; };
		3633665C1F21D22A00A8F5EB /* VZBaseViewModel.m */ = {isa = PBXFileReference; lastKnownFileType = sourcecode.c.objc; path = VZBaseViewModel.m; sourceTree = "<group>"; };
		3633665D1F21D22A00A8F5EB /* VZListViewModel.h */ = {isa = PBXFileReference; lastKnownFileType = sourcecode.c.h; path = VZListViewModel.h; sourceTree = "<group>"; };
		3633665E1F21D22A00A8F5EB /* VZListViewModel.m */ = {isa = PBXFileReference; lastKnownFileType = sourcecode.c.objc; path = VZListViewModel.m; sourceTree = "<group>"; };
		3633665F1F21D22A00A8F5EB /* VZViewModelRouter.h */ = {isa = PBXFileReference; lastKnownFileType = sourcecode.c.h; path = VZViewModelRouter.h; sourceTree = "<group>"; };
		363366601F21D22A00A8F5EB /* VZViewModelRouter.m */ = {isa = PBXFileReference; lastKnownFileType = sourcecode.c.objc; path = VZViewModelRouter.m; sourceTree = "<group>"; };
		363366611F21D22A00A8F5EB /* VZViewModelService.h */ = {isa = PBXFileReference; lastKnownFileType = sourcecode.c.h; path = VZViewModelService.h; sourceTree = "<group>"; };
		363366621F21D22A00A8F5EB /* VZViewModelService.m */ = {isa = PBXFileReference; lastKnownFileType = sourcecode.c.objc; path = VZViewModelService.m; sourceTree = "<group>"; };
		363366701F21D4B900A8F5EB /* VZBaseViewController.h */ = {isa = PBXFileReference; lastKnownFileType = sourcecode.c.h; path = VZBaseViewController.h; sourceTree = "<group>"; };
		363366711F21D4B900A8F5EB /* VZBaseViewController.m */ = {isa = PBXFileReference; lastKnownFileType = sourcecode.c.objc; path = VZBaseViewController.m; sourceTree = "<group>"; };
		363366721F21D4B900A8F5EB /* VZCellDelegate.h */ = {isa = PBXFileReference; lastKnownFileType = sourcecode.c.h; path = VZCellDelegate.h; sourceTree = "<group>"; };
		363366731F21D4B900A8F5EB /* VZCollectionViewCell.h */ = {isa = PBXFileReference; lastKnownFileType = sourcecode.c.h; path = VZCollectionViewCell.h; sourceTree = "<group>"; };
		363366741F21D4B900A8F5EB /* VZCollectionViewCell.m */ = {isa = PBXFileReference; lastKnownFileType = sourcecode.c.objc; path = VZCollectionViewCell.m; sourceTree = "<group>"; };
		363366751F21D4B900A8F5EB /* VZCollectionViewController.h */ = {isa = PBXFileReference; lastKnownFileType = sourcecode.c.h; path = VZCollectionViewController.h; sourceTree = "<group>"; };
		363366761F21D4B900A8F5EB /* VZCollectionViewController.m */ = {isa = PBXFileReference; lastKnownFileType = sourcecode.c.objc; path = VZCollectionViewController.m; sourceTree = "<group>"; };
		363366771F21D4B900A8F5EB /* VZTableViewCell.h */ = {isa = PBXFileReference; lastKnownFileType = sourcecode.c.h; path = VZTableViewCell.h; sourceTree = "<group>"; };
		363366781F21D4B900A8F5EB /* VZTableViewCell.m */ = {isa = PBXFileReference; lastKnownFileType = sourcecode.c.objc; path = VZTableViewCell.m; sourceTree = "<group>"; };
		363366791F21D4B900A8F5EB /* VZTableViewController.h */ = {isa = PBXFileReference; lastKnownFileType = sourcecode.c.h; path = VZTableViewController.h; sourceTree = "<group>"; };
		3633667A1F21D4B900A8F5EB /* VZTableViewController.m */ = {isa = PBXFileReference; lastKnownFileType = sourcecode.c.objc; path = VZTableViewController.m; sourceTree = "<group>"; };
		363426E71F4EA9E9003DE73F /* icon_search_history_delete.png */ = {isa = PBXFileReference; lastKnownFileType = image.png; path = icon_search_history_delete.png; sourceTree = "<group>"; };
		366ACFD52060BB240014DCF9 /* VZDownloadDBHandler.h */ = {isa = PBXFileReference; lastKnownFileType = sourcecode.c.h; path = VZDownloadDBHandler.h; sourceTree = "<group>"; };
		366ACFD62060BB240014DCF9 /* VZDownloadDBHandler.m */ = {isa = PBXFileReference; lastKnownFileType = sourcecode.c.objc; path = VZDownloadDBHandler.m; sourceTree = "<group>"; };
		366ACFD82060BB380014DCF9 /* VZDownloader.h */ = {isa = PBXFileReference; lastKnownFileType = sourcecode.c.h; path = VZDownloader.h; sourceTree = "<group>"; };
		366ACFD92060BB380014DCF9 /* VZDownloader.m */ = {isa = PBXFileReference; lastKnownFileType = sourcecode.c.objc; path = VZDownloader.m; sourceTree = "<group>"; };
		366ACFDB2060BB470014DCF9 /* VZDownloadManager.h */ = {isa = PBXFileReference; lastKnownFileType = sourcecode.c.h; path = VZDownloadManager.h; sourceTree = "<group>"; };
		366ACFDC2060BB470014DCF9 /* VZDownloadManager.m */ = {isa = PBXFileReference; lastKnownFileType = sourcecode.c.objc; path = VZDownloadManager.m; sourceTree = "<group>"; };
		369998071F32C4B000603FD3 /* VZTagView.m */ = {isa = PBXFileReference; fileEncoding = 4; lastKnownFileType = sourcecode.c.objc; path = VZTagView.m; sourceTree = "<group>"; };
		369998081F32C4B000603FD3 /* VZTagView.h */ = {isa = PBXFileReference; fileEncoding = 4; lastKnownFileType = sourcecode.c.h; path = VZTagView.h; sourceTree = "<group>"; };
		3699980E1F32D1D100603FD3 /* UIImage+VZUtil.h */ = {isa = PBXFileReference; fileEncoding = 4; lastKnownFileType = sourcecode.c.h; path = "UIImage+VZUtil.h"; sourceTree = "<group>"; };
		3699980F1F32D1D100603FD3 /* UIImage+VZUtil.m */ = {isa = PBXFileReference; fileEncoding = 4; lastKnownFileType = sourcecode.c.objc; path = "UIImage+VZUtil.m"; sourceTree = "<group>"; };
		369998291F3310A000603FD3 /* VZMenuButton.h */ = {isa = PBXFileReference; fileEncoding = 4; lastKnownFileType = sourcecode.c.h; path = VZMenuButton.h; sourceTree = "<group>"; };
		3699982A1F3310A000603FD3 /* VZMenuButton.m */ = {isa = PBXFileReference; fileEncoding = 4; lastKnownFileType = sourcecode.c.objc; path = VZMenuButton.m; sourceTree = "<group>"; };
		3699982B1F3310A000603FD3 /* VZMenuCellDelegate.h */ = {isa = PBXFileReference; fileEncoding = 4; lastKnownFileType = sourcecode.c.h; path = VZMenuCellDelegate.h; sourceTree = "<group>"; };
		3699982C1F3310A000603FD3 /* VZMenuCollectionView.h */ = {isa = PBXFileReference; fileEncoding = 4; lastKnownFileType = sourcecode.c.h; path = VZMenuCollectionView.h; sourceTree = "<group>"; };
		3699982D1F3310A000603FD3 /* VZMenuCollectionView.m */ = {isa = PBXFileReference; fileEncoding = 4; lastKnownFileType = sourcecode.c.objc; path = VZMenuCollectionView.m; sourceTree = "<group>"; };
		3699982E1F3310A000603FD3 /* VZNavigationMenu.h */ = {isa = PBXFileReference; fileEncoding = 4; lastKnownFileType = sourcecode.c.h; path = VZNavigationMenu.h; sourceTree = "<group>"; };
		3699982F1F3310A000603FD3 /* VZNavigationMenu.m */ = {isa = PBXFileReference; fileEncoding = 4; lastKnownFileType = sourcecode.c.objc; path = VZNavigationMenu.m; sourceTree = "<group>"; };
		369998301F3310A000603FD3 /* VZNavigationMenuCell.h */ = {isa = PBXFileReference; fileEncoding = 4; lastKnownFileType = sourcecode.c.h; path = VZNavigationMenuCell.h; sourceTree = "<group>"; };
		369998311F3310A000603FD3 /* VZNavigationMenuCell.m */ = {isa = PBXFileReference; fileEncoding = 4; lastKnownFileType = sourcecode.c.objc; path = VZNavigationMenuCell.m; sourceTree = "<group>"; };
		369998321F3310A000603FD3 /* VZNavigationMenuConfig.h */ = {isa = PBXFileReference; fileEncoding = 4; lastKnownFileType = sourcecode.c.h; path = VZNavigationMenuConfig.h; sourceTree = "<group>"; };
		369998331F3310A000603FD3 /* VZNavigationMenuConfig.m */ = {isa = PBXFileReference; fileEncoding = 4; lastKnownFileType = sourcecode.c.objc; path = VZNavigationMenuConfig.m; sourceTree = "<group>"; };
		369998451F3326B800603FD3 /* VZSearchHistoryAndHotController.m */ = {isa = PBXFileReference; fileEncoding = 4; lastKnownFileType = sourcecode.c.objc; path = VZSearchHistoryAndHotController.m; sourceTree = "<group>"; };
		369998461F3326B800603FD3 /* VZSearchHistoryCell.m */ = {isa = PBXFileReference; fileEncoding = 4; lastKnownFileType = sourcecode.c.objc; path = VZSearchHistoryCell.m; sourceTree = "<group>"; };
		369998471F3326B800603FD3 /* VZSearchHistoryAndHotController.h */ = {isa = PBXFileReference; fileEncoding = 4; lastKnownFileType = sourcecode.c.h; path = VZSearchHistoryAndHotController.h; sourceTree = "<group>"; };
		369998481F3326B800603FD3 /* VZSearchHistoryCell.h */ = {isa = PBXFileReference; fileEncoding = 4; lastKnownFileType = sourcecode.c.h; path = VZSearchHistoryCell.h; sourceTree = "<group>"; };
		3699984B1F3326C200603FD3 /* VZSearchHistoryAndHotViewModel.m */ = {isa = PBXFileReference; fileEncoding = 4; lastKnownFileType = sourcecode.c.objc; path = VZSearchHistoryAndHotViewModel.m; sourceTree = "<group>"; };
		3699984C1F3326C200603FD3 /* VZSearchHistoryAndHotViewModel.h */ = {isa = PBXFileReference; fileEncoding = 4; lastKnownFileType = sourcecode.c.h; path = VZSearchHistoryAndHotViewModel.h; sourceTree = "<group>"; };
		36CA0ACF1F1F2D3200EDB183 /* AFNetworking.framework */ = {isa = PBXFileReference; lastKnownFileType = wrapper.framework; name = AFNetworking.framework; path = "Pods/../build/Debug-iphoneos/AFNetworking/AFNetworking.framework"; sourceTree = "<group>"; };
		372AE7740565E245A96C5DB2 /* Pods-VZKit_Tests.debug.xcconfig */ = {isa = PBXFileReference; includeInIndex = 1; lastKnownFileType = text.xcconfig; name = "Pods-VZKit_Tests.debug.xcconfig"; path = "Pods/Target Support Files/Pods-VZKit_Tests/Pods-VZKit_Tests.debug.xcconfig"; sourceTree = "<group>"; };
		529EF8821F1EF77200515CAD /* VZBaseRequest.h */ = {isa = PBXFileReference; fileEncoding = 4; lastKnownFileType = sourcecode.c.h; path = VZBaseRequest.h; sourceTree = "<group>"; };
		529EF8831F1EF77200515CAD /* VZBaseRequest.m */ = {isa = PBXFileReference; fileEncoding = 4; lastKnownFileType = sourcecode.c.objc; path = VZBaseRequest.m; sourceTree = "<group>"; };
		529EF8841F1EF77200515CAD /* VZNetworkServer.h */ = {isa = PBXFileReference; fileEncoding = 4; lastKnownFileType = sourcecode.c.h; path = VZNetworkServer.h; sourceTree = "<group>"; };
		529EF8851F1EF77200515CAD /* VZNetworkServer.m */ = {isa = PBXFileReference; fileEncoding = 4; lastKnownFileType = sourcecode.c.objc; path = VZNetworkServer.m; sourceTree = "<group>"; };
		529EF8861F1EF77200515CAD /* VZResponseCache.h */ = {isa = PBXFileReference; fileEncoding = 4; lastKnownFileType = sourcecode.c.h; path = VZResponseCache.h; sourceTree = "<group>"; };
		529EF8871F1EF77200515CAD /* VZResponseCache.m */ = {isa = PBXFileReference; fileEncoding = 4; lastKnownFileType = sourcecode.c.objc; path = VZResponseCache.m; sourceTree = "<group>"; };
		575498A1E371EA663DAED52D /* LICENSE */ = {isa = PBXFileReference; includeInIndex = 1; lastKnownFileType = text; name = LICENSE; path = ../LICENSE; sourceTree = "<group>"; };
		6003F58D195388D20070C39A /* Foundation.framework */ = {isa = PBXFileReference; lastKnownFileType = wrapper.framework; name = Foundation.framework; path = System/Library/Frameworks/Foundation.framework; sourceTree = SDKROOT; };
		6003F58F195388D20070C39A /* CoreGraphics.framework */ = {isa = PBXFileReference; lastKnownFileType = wrapper.framework; name = CoreGraphics.framework; path = System/Library/Frameworks/CoreGraphics.framework; sourceTree = SDKROOT; };
		6003F591195388D20070C39A /* UIKit.framework */ = {isa = PBXFileReference; lastKnownFileType = wrapper.framework; name = UIKit.framework; path = System/Library/Frameworks/UIKit.framework; sourceTree = SDKROOT; };
		6003F5AE195388D20070C39A /* VZKit_Tests.xctest */ = {isa = PBXFileReference; explicitFileType = wrapper.cfbundle; includeInIndex = 0; path = VZKit_Tests.xctest; sourceTree = BUILT_PRODUCTS_DIR; };
		6003F5AF195388D20070C39A /* XCTest.framework */ = {isa = PBXFileReference; lastKnownFileType = wrapper.framework; name = XCTest.framework; path = Library/Frameworks/XCTest.framework; sourceTree = DEVELOPER_DIR; };
		6003F5B7195388D20070C39A /* Tests-Info.plist */ = {isa = PBXFileReference; lastKnownFileType = text.plist.xml; path = "Tests-Info.plist"; sourceTree = "<group>"; };
		6003F5B9195388D20070C39A /* en */ = {isa = PBXFileReference; lastKnownFileType = text.plist.strings; name = en; path = en.lproj/InfoPlist.strings; sourceTree = "<group>"; };
		6003F5BB195388D20070C39A /* Tests.m */ = {isa = PBXFileReference; lastKnownFileType = sourcecode.c.objc; path = Tests.m; sourceTree = "<group>"; };
		606FC2411953D9B200FFA9A0 /* Tests-Prefix.pch */ = {isa = PBXFileReference; lastKnownFileType = sourcecode.c.h; path = "Tests-Prefix.pch"; sourceTree = "<group>"; };
		62D1159AA29B5A94A975301C /* VZKit.podspec */ = {isa = PBXFileReference; includeInIndex = 1; lastKnownFileType = text; name = VZKit.podspec; path = ../VZKit.podspec; sourceTree = "<group>"; };
		D874FAD9EBBB1ECC7BDB7E27 /* Pods-VZKit_Tests.release.xcconfig */ = {isa = PBXFileReference; includeInIndex = 1; lastKnownFileType = text.xcconfig; name = "Pods-VZKit_Tests.release.xcconfig"; path = "Pods/Target Support Files/Pods-VZKit_Tests/Pods-VZKit_Tests.release.xcconfig"; sourceTree = "<group>"; };
		DB764F5FF836E8C5CFEC0884 /* README.md */ = {isa = PBXFileReference; includeInIndex = 1; lastKnownFileType = net.daringfireball.markdown; name = README.md; path = ../README.md; sourceTree = "<group>"; };
/* End PBXFileReference section */

/* Begin PBXFrameworksBuildPhase section */
		6003F5AB195388D20070C39A /* Frameworks */ = {
			isa = PBXFrameworksBuildPhase;
			buildActionMask = 2147483647;
			files = (
				6003F5B0195388D20070C39A /* XCTest.framework in Frameworks */,
				6003F5B2195388D20070C39A /* UIKit.framework in Frameworks */,
				6003F5B1195388D20070C39A /* Foundation.framework in Frameworks */,
				5BD965DDBB9E3331405C09DD /* Pods_VZKit_Tests.framework in Frameworks */,
			);
			runOnlyForDeploymentPostprocessing = 0;
		};
/* End PBXFrameworksBuildPhase section */

/* Begin PBXGroup section */
		361EB2061F4C00D20015180A /* VZPopMenu */ = {
			isa = PBXGroup;
			children = (
				361EB2071F4C00D20015180A /* VZPopMenu.h */,
				361EB2081F4C00D20015180A /* VZPopMenu.m */,
				361EB2091F4C00D20015180A /* VZPopMenuCell.h */,
				361EB20A1F4C00D20015180A /* VZPopMenuCell.m */,
				361EB20B1F4C00D20015180A /* VZPopMenuConfig.h */,
				361EB20C1F4C00D20015180A /* VZPopMenuConfig.m */,
				361EB20D1F4C00D20015180A /* VZPopMenuView.h */,
				361EB20E1F4C00D20015180A /* VZPopMenuView.m */,
			);
			path = VZPopMenu;
			sourceTree = "<group>";
		};
		362EB0421F21F51D00267294 /* VZUIKit */ = {
			isa = PBXGroup;
			children = (
				361EB2061F4C00D20015180A /* VZPopMenu */,
				369998281F3310A000603FD3 /* VZNavigationMenu */,
				369998081F32C4B000603FD3 /* VZTagView.h */,
				369998071F32C4B000603FD3 /* VZTagView.m */,
				362EB0541F21F75B00267294 /* VZControlCreator.h */,
				362EB0531F21F75B00267294 /* VZControlCreator.m */,
				362EB0431F21F51D00267294 /* VZAlignmentLabel.h */,
				362EB0441F21F51D00267294 /* VZAlignmentLabel.m */,
			);
			path = VZUIKit;
			sourceTree = "<group>";
		};
		362EB04B1F21F67700267294 /* Utils */ = {
			isa = PBXGroup;
			children = (
				362EB04C1F21F67700267294 /* Category */,
			);
			path = Utils;
			sourceTree = "<group>";
		};
		362EB04C1F21F67700267294 /* Category */ = {
			isa = PBXGroup;
			children = (
				3699980E1F32D1D100603FD3 /* UIImage+VZUtil.h */,
				3699980F1F32D1D100603FD3 /* UIImage+VZUtil.m */,
				362EB04D1F21F67700267294 /* UIColor+VZUtil.h */,
				362EB04E1F21F67700267294 /* UIColor+VZUtil.m */,
			);
			path = Category;
			sourceTree = "<group>";
		};
		3633665A1F21D22A00A8F5EB /* ViewModel */ = {
			isa = PBXGroup;
			children = (
				3699984C1F3326C200603FD3 /* VZSearchHistoryAndHotViewModel.h */,
				3699984B1F3326C200603FD3 /* VZSearchHistoryAndHotViewModel.m */,
				3633665B1F21D22A00A8F5EB /* VZBaseViewModel.h */,
				3633665C1F21D22A00A8F5EB /* VZBaseViewModel.m */,
				3633665D1F21D22A00A8F5EB /* VZListViewModel.h */,
				3633665E1F21D22A00A8F5EB /* VZListViewModel.m */,
				3633665F1F21D22A00A8F5EB /* VZViewModelRouter.h */,
				363366601F21D22A00A8F5EB /* VZViewModelRouter.m */,
				363366611F21D22A00A8F5EB /* VZViewModelService.h */,
				363366621F21D22A00A8F5EB /* VZViewModelService.m */,
			);
			path = ViewModel;
			sourceTree = "<group>";
		};
		3633666F1F21D4B900A8F5EB /* View */ = {
			isa = PBXGroup;
			children = (
				369998471F3326B800603FD3 /* VZSearchHistoryAndHotController.h */,
				369998451F3326B800603FD3 /* VZSearchHistoryAndHotController.m */,
				369998481F3326B800603FD3 /* VZSearchHistoryCell.h */,
				369998461F3326B800603FD3 /* VZSearchHistoryCell.m */,
				362EB05D1F22099500267294 /* VZListViewController.h */,
				362EB05E1F22099500267294 /* VZListViewController.m */,
				363366721F21D4B900A8F5EB /* VZCellDelegate.h */,
				362EB0581F21FDA200267294 /* VZListViewDelegate.h */,
				363366701F21D4B900A8F5EB /* VZBaseViewController.h */,
				363366711F21D4B900A8F5EB /* VZBaseViewController.m */,
				363366771F21D4B900A8F5EB /* VZTableViewCell.h */,
				363366781F21D4B900A8F5EB /* VZTableViewCell.m */,
				363366731F21D4B900A8F5EB /* VZCollectionViewCell.h */,
				363366741F21D4B900A8F5EB /* VZCollectionViewCell.m */,
				363366751F21D4B900A8F5EB /* VZCollectionViewController.h */,
				363366761F21D4B900A8F5EB /* VZCollectionViewController.m */,
				363366791F21D4B900A8F5EB /* VZTableViewController.h */,
				3633667A1F21D4B900A8F5EB /* VZTableViewController.m */,
			);
			path = View;
			sourceTree = "<group>";
		};
		363426E61F4EA9E9003DE73F /* Assets */ = {
			isa = PBXGroup;
			children = (
				363426E71F4EA9E9003DE73F /* icon_search_history_delete.png */,
			);
			name = Assets;
			path = ../VZKit/Assets;
			sourceTree = "<group>";
		};
		366ACFD42060BA250014DCF9 /* Downloader */ = {
			isa = PBXGroup;
			children = (
				366ACFD52060BB240014DCF9 /* VZDownloadDBHandler.h */,
				366ACFD62060BB240014DCF9 /* VZDownloadDBHandler.m */,
				366ACFD82060BB380014DCF9 /* VZDownloader.h */,
				366ACFD92060BB380014DCF9 /* VZDownloader.m */,
				366ACFDB2060BB470014DCF9 /* VZDownloadManager.h */,
				366ACFDC2060BB470014DCF9 /* VZDownloadManager.m */,
			);
			path = Downloader;
			sourceTree = "<group>";
		};
		369998281F3310A000603FD3 /* VZNavigationMenu */ = {
			isa = PBXGroup;
			children = (
				369998291F3310A000603FD3 /* VZMenuButton.h */,
				3699982A1F3310A000603FD3 /* VZMenuButton.m */,
				3699982B1F3310A000603FD3 /* VZMenuCellDelegate.h */,
				3699982C1F3310A000603FD3 /* VZMenuCollectionView.h */,
				3699982D1F3310A000603FD3 /* VZMenuCollectionView.m */,
				3699982E1F3310A000603FD3 /* VZNavigationMenu.h */,
				3699982F1F3310A000603FD3 /* VZNavigationMenu.m */,
				369998301F3310A000603FD3 /* VZNavigationMenuCell.h */,
				369998311F3310A000603FD3 /* VZNavigationMenuCell.m */,
				369998321F3310A000603FD3 /* VZNavigationMenuConfig.h */,
				369998331F3310A000603FD3 /* VZNavigationMenuConfig.m */,
			);
			path = VZNavigationMenu;
			sourceTree = "<group>";
		};
		529EF8801F1EF77200515CAD /* Classes */ = {
			isa = PBXGroup;
			children = (
				366ACFD42060BA250014DCF9 /* Downloader */,
				362EB04B1F21F67700267294 /* Utils */,
				362EB0421F21F51D00267294 /* VZUIKit */,
				3633666F1F21D4B900A8F5EB /* View */,
				3633665A1F21D22A00A8F5EB /* ViewModel */,
				529EF8811F1EF77200515CAD /* HTTPServer */,
			);
			name = Classes;
			path = ../VZKit/Classes;
			sourceTree = "<group>";
		};
		529EF8811F1EF77200515CAD /* HTTPServer */ = {
			isa = PBXGroup;
			children = (
				529EF8821F1EF77200515CAD /* VZBaseRequest.h */,
				529EF8831F1EF77200515CAD /* VZBaseRequest.m */,
				529EF8841F1EF77200515CAD /* VZNetworkServer.h */,
				529EF8851F1EF77200515CAD /* VZNetworkServer.m */,
				529EF8861F1EF77200515CAD /* VZResponseCache.h */,
				529EF8871F1EF77200515CAD /* VZResponseCache.m */,
			);
			path = HTTPServer;
			sourceTree = "<group>";
		};
		6003F581195388D10070C39A = {
			isa = PBXGroup;
			children = (
				363426E61F4EA9E9003DE73F /* Assets */,
				529EF8801F1EF77200515CAD /* Classes */,
				60FF7A9C1954A5C5007DD14C /* Podspec Metadata */,
				6003F5B5195388D20070C39A /* Tests */,
				6003F58C195388D20070C39A /* Frameworks */,
				6003F58B195388D20070C39A /* Products */,
				79FE5115F8C688FD10DABEF6 /* Pods */,
			);
			sourceTree = "<group>";
		};
		6003F58B195388D20070C39A /* Products */ = {
			isa = PBXGroup;
			children = (
				6003F5AE195388D20070C39A /* VZKit_Tests.xctest */,
			);
			name = Products;
			sourceTree = "<group>";
		};
		6003F58C195388D20070C39A /* Frameworks */ = {
			isa = PBXGroup;
			children = (
				36CA0ACF1F1F2D3200EDB183 /* AFNetworking.framework */,
				6003F58D195388D20070C39A /* Foundation.framework */,
				6003F58F195388D20070C39A /* CoreGraphics.framework */,
				6003F591195388D20070C39A /* UIKit.framework */,
				6003F5AF195388D20070C39A /* XCTest.framework */,
				1101324E309E23F9175DCC9D /* Pods_VZKit_Tests.framework */,
			);
			name = Frameworks;
			sourceTree = "<group>";
		};
		6003F5B5195388D20070C39A /* Tests */ = {
			isa = PBXGroup;
			children = (
				6003F5BB195388D20070C39A /* Tests.m */,
				6003F5B6195388D20070C39A /* Supporting Files */,
			);
			path = Tests;
			sourceTree = "<group>";
		};
		6003F5B6195388D20070C39A /* Supporting Files */ = {
			isa = PBXGroup;
			children = (
				6003F5B7195388D20070C39A /* Tests-Info.plist */,
				6003F5B8195388D20070C39A /* InfoPlist.strings */,
				606FC2411953D9B200FFA9A0 /* Tests-Prefix.pch */,
			);
			name = "Supporting Files";
			sourceTree = "<group>";
		};
		60FF7A9C1954A5C5007DD14C /* Podspec Metadata */ = {
			isa = PBXGroup;
			children = (
				62D1159AA29B5A94A975301C /* VZKit.podspec */,
				DB764F5FF836E8C5CFEC0884 /* README.md */,
				575498A1E371EA663DAED52D /* LICENSE */,
			);
			name = "Podspec Metadata";
			sourceTree = "<group>";
		};
		79FE5115F8C688FD10DABEF6 /* Pods */ = {
			isa = PBXGroup;
			children = (
				372AE7740565E245A96C5DB2 /* Pods-VZKit_Tests.debug.xcconfig */,
				D874FAD9EBBB1ECC7BDB7E27 /* Pods-VZKit_Tests.release.xcconfig */,
			);
			name = Pods;
			sourceTree = "<group>";
		};
/* End PBXGroup section */

/* Begin PBXNativeTarget section */
		6003F5AD195388D20070C39A /* VZKit_Tests */ = {
			isa = PBXNativeTarget;
			buildConfigurationList = 6003F5C2195388D20070C39A /* Build configuration list for PBXNativeTarget "VZKit_Tests" */;
			buildPhases = (
				33B3A959FFD2A1ACD0DE3A5D /* [CP] Check Pods Manifest.lock */,
				6003F5AA195388D20070C39A /* Sources */,
				6003F5AB195388D20070C39A /* Frameworks */,
				6003F5AC195388D20070C39A /* Resources */,
				ADA6ECDFE282A1DD78E1FB88 /* [CP] Embed Pods Frameworks */,
				68DC5469A5C9AE5E03B34F32 /* [CP] Copy Pods Resources */,
			);
			buildRules = (
			);
			dependencies = (
			);
			name = VZKit_Tests;
			productName = VZKitTests;
			productReference = 6003F5AE195388D20070C39A /* VZKit_Tests.xctest */;
			productType = "com.apple.product-type.bundle.unit-test";
		};
/* End PBXNativeTarget section */

/* Begin PBXProject section */
		6003F582195388D10070C39A /* Project object */ = {
			isa = PBXProject;
			attributes = {
				CLASSPREFIX = VZ;
				LastUpgradeCheck = 0900;
				ORGANIZATIONNAME = "davonzhou@live.com";
				TargetAttributes = {
					6003F5AD195388D20070C39A = {
						DevelopmentTeam = BG68CT3TU6;
					};
				};
			};
			buildConfigurationList = 6003F585195388D10070C39A /* Build configuration list for PBXProject "VZKit" */;
			compatibilityVersion = "Xcode 3.2";
			developmentRegion = English;
			hasScannedForEncodings = 0;
			knownRegions = (
				en,
				Base,
			);
			mainGroup = 6003F581195388D10070C39A;
			productRefGroup = 6003F58B195388D20070C39A /* Products */;
			projectDirPath = "";
			projectRoot = "";
			targets = (
				6003F5AD195388D20070C39A /* VZKit_Tests */,
			);
		};
/* End PBXProject section */

/* Begin PBXResourcesBuildPhase section */
		6003F5AC195388D20070C39A /* Resources */ = {
			isa = PBXResourcesBuildPhase;
			buildActionMask = 2147483647;
			files = (
				363426E81F4EA9E9003DE73F /* icon_search_history_delete.png in Resources */,
				6003F5BA195388D20070C39A /* InfoPlist.strings in Resources */,
			);
			runOnlyForDeploymentPostprocessing = 0;
		};
/* End PBXResourcesBuildPhase section */

/* Begin PBXShellScriptBuildPhase section */
		33B3A959FFD2A1ACD0DE3A5D /* [CP] Check Pods Manifest.lock */ = {
			isa = PBXShellScriptBuildPhase;
			buildActionMask = 2147483647;
			files = (
			);
			inputPaths = (
				"${PODS_PODFILE_DIR_PATH}/Podfile.lock",
				"${PODS_ROOT}/Manifest.lock",
			);
			name = "[CP] Check Pods Manifest.lock";
			outputPaths = (
				"$(DERIVED_FILE_DIR)/Pods-VZKit_Tests-checkManifestLockResult.txt",
			);
			runOnlyForDeploymentPostprocessing = 0;
			shellPath = /bin/sh;
			shellScript = "diff \"${PODS_PODFILE_DIR_PATH}/Podfile.lock\" \"${PODS_ROOT}/Manifest.lock\" > /dev/null\nif [ $? != 0 ] ; then\n    # print error to STDERR\n    echo \"error: The sandbox is not in sync with the Podfile.lock. Run 'pod install' or update your CocoaPods installation.\" >&2\n    exit 1\nfi\n# This output is used by Xcode 'outputs' to avoid re-running this script phase.\necho \"SUCCESS\" > \"${SCRIPT_OUTPUT_FILE_0}\"\n";
			showEnvVarsInLog = 0;
		};
		68DC5469A5C9AE5E03B34F32 /* [CP] Copy Pods Resources */ = {
			isa = PBXShellScriptBuildPhase;
			buildActionMask = 2147483647;
			files = (
			);
			inputPaths = (
			);
			name = "[CP] Copy Pods Resources";
			outputPaths = (
			);
			runOnlyForDeploymentPostprocessing = 0;
			shellPath = /bin/sh;
			shellScript = "\"${SRCROOT}/Pods/Target Support Files/Pods-VZKit_Tests/Pods-VZKit_Tests-resources.sh\"\n";
			showEnvVarsInLog = 0;
		};
		ADA6ECDFE282A1DD78E1FB88 /* [CP] Embed Pods Frameworks */ = {
			isa = PBXShellScriptBuildPhase;
			buildActionMask = 2147483647;
			files = (
			);
			inputPaths = (
				"${SRCROOT}/Pods/Target Support Files/Pods-VZKit_Tests/Pods-VZKit_Tests-frameworks.sh",
				"${BUILT_PRODUCTS_DIR}/AFNetworking/AFNetworking.framework",
				"${BUILT_PRODUCTS_DIR}/DZNEmptyDataSet/DZNEmptyDataSet.framework",
				"${BUILT_PRODUCTS_DIR}/FMDB/FMDB.framework",
				"${BUILT_PRODUCTS_DIR}/MJExtension/MJExtension.framework",
				"${BUILT_PRODUCTS_DIR}/MJRefresh/MJRefresh.framework",
				"${BUILT_PRODUCTS_DIR}/Masonry/Masonry.framework",
				"${BUILT_PRODUCTS_DIR}/ReactiveObjC/ReactiveObjC.framework",
				"${BUILT_PRODUCTS_DIR}/VZKit/VZKit.framework",
			);
			name = "[CP] Embed Pods Frameworks";
			outputPaths = (
				"${TARGET_BUILD_DIR}/${FRAMEWORKS_FOLDER_PATH}/AFNetworking.framework",
				"${TARGET_BUILD_DIR}/${FRAMEWORKS_FOLDER_PATH}/DZNEmptyDataSet.framework",
				"${TARGET_BUILD_DIR}/${FRAMEWORKS_FOLDER_PATH}/FMDB.framework",
				"${TARGET_BUILD_DIR}/${FRAMEWORKS_FOLDER_PATH}/MJExtension.framework",
				"${TARGET_BUILD_DIR}/${FRAMEWORKS_FOLDER_PATH}/MJRefresh.framework",
				"${TARGET_BUILD_DIR}/${FRAMEWORKS_FOLDER_PATH}/Masonry.framework",
				"${TARGET_BUILD_DIR}/${FRAMEWORKS_FOLDER_PATH}/ReactiveObjC.framework",
				"${TARGET_BUILD_DIR}/${FRAMEWORKS_FOLDER_PATH}/VZKit.framework",
			);
			runOnlyForDeploymentPostprocessing = 0;
			shellPath = /bin/sh;
			shellScript = "\"${SRCROOT}/Pods/Target Support Files/Pods-VZKit_Tests/Pods-VZKit_Tests-frameworks.sh\"\n";
			showEnvVarsInLog = 0;
		};
/* End PBXShellScriptBuildPhase section */

/* Begin PBXSourcesBuildPhase section */
		6003F5AA195388D20070C39A /* Sources */ = {
			isa = PBXSourcesBuildPhase;
			buildActionMask = 2147483647;
			files = (
				366ACFDF2060D2690014DCF9 /* VZDownloadDBHandler.m in Sources */,
				366ACFDE2060D2580014DCF9 /* VZDownloader.m in Sources */,
				369998341F3310A000603FD3 /* VZMenuButton.m in Sources */,
				366ACFDD2060BB470014DCF9 /* VZDownloadManager.m in Sources */,
				361EB2121F4C00D20015180A /* VZPopMenuView.m in Sources */,
				529EF8881F1EF77200515CAD /* VZBaseRequest.m in Sources */,
				3699984A1F3326B800603FD3 /* VZSearchHistoryCell.m in Sources */,
				369998491F3326B800603FD3 /* VZSearchHistoryAndHotController.m in Sources */,
				369998101F32D1D100603FD3 /* UIImage+VZUtil.m in Sources */,
				6003F5BC195388D20070C39A /* Tests.m in Sources */,
				3699984D1F3326C200603FD3 /* VZSearchHistoryAndHotViewModel.m in Sources */,
				529EF8891F1EF77200515CAD /* VZNetworkServer.m in Sources */,
				369998351F3310A000603FD3 /* VZMenuCollectionView.m in Sources */,
				369998371F3310A000603FD3 /* VZNavigationMenuCell.m in Sources */,
				361EB2111F4C00D20015180A /* VZPopMenuConfig.m in Sources */,
				361EB20F1F4C00D20015180A /* VZPopMenu.m in Sources */,
				529EF88A1F1EF77200515CAD /* VZResponseCache.m in Sources */,
				369998361F3310A000603FD3 /* VZNavigationMenu.m in Sources */,
				369998091F32C4B000603FD3 /* VZTagView.m in Sources */,
				361EB2101F4C00D20015180A /* VZPopMenuCell.m in Sources */,
				369998381F3310A000603FD3 /* VZNavigationMenuConfig.m in Sources */,
			);
			runOnlyForDeploymentPostprocessing = 0;
		};
/* End PBXSourcesBuildPhase section */

/* Begin PBXVariantGroup section */
		6003F5B8195388D20070C39A /* InfoPlist.strings */ = {
			isa = PBXVariantGroup;
			children = (
				6003F5B9195388D20070C39A /* en */,
			);
			name = InfoPlist.strings;
			sourceTree = "<group>";
		};
/* End PBXVariantGroup section */

/* Begin XCBuildConfiguration section */
		6003F5BD195388D20070C39A /* Debug */ = {
			isa = XCBuildConfiguration;
			buildSettings = {
				ALWAYS_SEARCH_USER_PATHS = NO;
				CLANG_CXX_LANGUAGE_STANDARD = "gnu++0x";
				CLANG_CXX_LIBRARY = "libc++";
				CLANG_ENABLE_MODULES = YES;
				CLANG_ENABLE_OBJC_ARC = YES;
				CLANG_WARN_BLOCK_CAPTURE_AUTORELEASING = YES;
				CLANG_WARN_BOOL_CONVERSION = YES;
				CLANG_WARN_COMMA = YES;
				CLANG_WARN_CONSTANT_CONVERSION = YES;
				CLANG_WARN_DIRECT_OBJC_ISA_USAGE = YES_ERROR;
				CLANG_WARN_EMPTY_BODY = YES;
				CLANG_WARN_ENUM_CONVERSION = YES;
				CLANG_WARN_INFINITE_RECURSION = YES;
				CLANG_WARN_INT_CONVERSION = YES;
				CLANG_WARN_NON_LITERAL_NULL_CONVERSION = YES;
				CLANG_WARN_OBJC_LITERAL_CONVERSION = YES;
				CLANG_WARN_OBJC_ROOT_CLASS = YES_ERROR;
				CLANG_WARN_RANGE_LOOP_ANALYSIS = YES;
				CLANG_WARN_STRICT_PROTOTYPES = YES;
				CLANG_WARN_SUSPICIOUS_MOVE = YES;
				CLANG_WARN_UNREACHABLE_CODE = YES;
				CLANG_WARN__DUPLICATE_METHOD_MATCH = YES;
				"CODE_SIGN_IDENTITY[sdk=iphoneos*]" = "iPhone Developer";
				COPY_PHASE_STRIP = NO;
				ENABLE_STRICT_OBJC_MSGSEND = YES;
				ENABLE_TESTABILITY = YES;
				GCC_C_LANGUAGE_STANDARD = gnu99;
				GCC_DYNAMIC_NO_PIC = NO;
				GCC_NO_COMMON_BLOCKS = YES;
				GCC_OPTIMIZATION_LEVEL = 0;
				GCC_PREPROCESSOR_DEFINITIONS = (
					"DEBUG=1",
					"$(inherited)",
				);
				GCC_SYMBOLS_PRIVATE_EXTERN = NO;
				GCC_WARN_64_TO_32_BIT_CONVERSION = YES;
				GCC_WARN_ABOUT_RETURN_TYPE = YES_ERROR;
				GCC_WARN_UNDECLARED_SELECTOR = YES;
				GCC_WARN_UNINITIALIZED_AUTOS = YES_AGGRESSIVE;
				GCC_WARN_UNUSED_FUNCTION = YES;
				GCC_WARN_UNUSED_VARIABLE = YES;
				IPHONEOS_DEPLOYMENT_TARGET = 8.3;
				ONLY_ACTIVE_ARCH = YES;
				SDKROOT = iphoneos;
				TARGETED_DEVICE_FAMILY = "1,2";
			};
			name = Debug;
		};
		6003F5BE195388D20070C39A /* Release */ = {
			isa = XCBuildConfiguration;
			buildSettings = {
				ALWAYS_SEARCH_USER_PATHS = NO;
				CLANG_CXX_LANGUAGE_STANDARD = "gnu++0x";
				CLANG_CXX_LIBRARY = "libc++";
				CLANG_ENABLE_MODULES = YES;
				CLANG_ENABLE_OBJC_ARC = YES;
				CLANG_WARN_BLOCK_CAPTURE_AUTORELEASING = YES;
				CLANG_WARN_BOOL_CONVERSION = YES;
				CLANG_WARN_COMMA = YES;
				CLANG_WARN_CONSTANT_CONVERSION = YES;
				CLANG_WARN_DIRECT_OBJC_ISA_USAGE = YES_ERROR;
				CLANG_WARN_EMPTY_BODY = YES;
				CLANG_WARN_ENUM_CONVERSION = YES;
				CLANG_WARN_INFINITE_RECURSION = YES;
				CLANG_WARN_INT_CONVERSION = YES;
				CLANG_WARN_NON_LITERAL_NULL_CONVERSION = YES;
				CLANG_WARN_OBJC_LITERAL_CONVERSION = YES;
				CLANG_WARN_OBJC_ROOT_CLASS = YES_ERROR;
				CLANG_WARN_RANGE_LOOP_ANALYSIS = YES;
				CLANG_WARN_STRICT_PROTOTYPES = YES;
				CLANG_WARN_SUSPICIOUS_MOVE = YES;
				CLANG_WARN_UNREACHABLE_CODE = YES;
				CLANG_WARN__DUPLICATE_METHOD_MATCH = YES;
				"CODE_SIGN_IDENTITY[sdk=iphoneos*]" = "iPhone Developer";
				COPY_PHASE_STRIP = YES;
				ENABLE_NS_ASSERTIONS = NO;
				ENABLE_STRICT_OBJC_MSGSEND = YES;
				GCC_C_LANGUAGE_STANDARD = gnu99;
				GCC_NO_COMMON_BLOCKS = YES;
				GCC_WARN_64_TO_32_BIT_CONVERSION = YES;
				GCC_WARN_ABOUT_RETURN_TYPE = YES_ERROR;
				GCC_WARN_UNDECLARED_SELECTOR = YES;
				GCC_WARN_UNINITIALIZED_AUTOS = YES_AGGRESSIVE;
				GCC_WARN_UNUSED_FUNCTION = YES;
				GCC_WARN_UNUSED_VARIABLE = YES;
				IPHONEOS_DEPLOYMENT_TARGET = 8.3;
				SDKROOT = iphoneos;
				TARGETED_DEVICE_FAMILY = "1,2";
				VALIDATE_PRODUCT = YES;
			};
			name = Release;
		};
		6003F5C3195388D20070C39A /* Debug */ = {
			isa = XCBuildConfiguration;
			baseConfigurationReference = 372AE7740565E245A96C5DB2 /* Pods-VZKit_Tests.debug.xcconfig */;
			buildSettings = {
				DEVELOPMENT_TEAM = BG68CT3TU6;
				FRAMEWORK_SEARCH_PATHS = (
					"$(SDKROOT)/Developer/Library/Frameworks",
					"$(inherited)",
					"$(DEVELOPER_FRAMEWORKS_DIR)",
				);
				GCC_PRECOMPILE_PREFIX_HEADER = YES;
				GCC_PREFIX_HEADER = "Tests/Tests-Prefix.pch";
				GCC_PREPROCESSOR_DEFINITIONS = (
					"DEBUG=1",
					"$(inherited)",
				);
				INFOPLIST_FILE = "Tests/Tests-Info.plist";
				PRODUCT_BUNDLE_IDENTIFIER = "org.cocoapods.demo.${PRODUCT_NAME:rfc1034identifier}";
				PRODUCT_NAME = "$(TARGET_NAME)";
				WRAPPER_EXTENSION = xctest;
			};
			name = Debug;
		};
		6003F5C4195388D20070C39A /* Release */ = {
			isa = XCBuildConfiguration;
			baseConfigurationReference = D874FAD9EBBB1ECC7BDB7E27 /* Pods-VZKit_Tests.release.xcconfig */;
			buildSettings = {
				DEVELOPMENT_TEAM = BG68CT3TU6;
				FRAMEWORK_SEARCH_PATHS = (
					"$(SDKROOT)/Developer/Library/Frameworks",
					"$(inherited)",
					"$(DEVELOPER_FRAMEWORKS_DIR)",
				);
				GCC_PRECOMPILE_PREFIX_HEADER = YES;
				GCC_PREFIX_HEADER = "Tests/Tests-Prefix.pch";
				INFOPLIST_FILE = "Tests/Tests-Info.plist";
				PRODUCT_BUNDLE_IDENTIFIER = "org.cocoapods.demo.${PRODUCT_NAME:rfc1034identifier}";
				PRODUCT_NAME = "$(TARGET_NAME)";
				WRAPPER_EXTENSION = xctest;
			};
			name = Release;
		};
/* End XCBuildConfiguration section */

/* Begin XCConfigurationList section */
		6003F585195388D10070C39A /* Build configuration list for PBXProject "VZKit" */ = {
			isa = XCConfigurationList;
			buildConfigurations = (
				6003F5BD195388D20070C39A /* Debug */,
				6003F5BE195388D20070C39A /* Release */,
			);
			defaultConfigurationIsVisible = 0;
			defaultConfigurationName = Release;
		};
		6003F5C2195388D20070C39A /* Build configuration list for PBXNativeTarget "VZKit_Tests" */ = {
			isa = XCConfigurationList;
			buildConfigurations = (
				6003F5C3195388D20070C39A /* Debug */,
				6003F5C4195388D20070C39A /* Release */,
			);
			defaultConfigurationIsVisible = 0;
			defaultConfigurationName = Release;
		};
/* End XCConfigurationList section */
	};
	rootObject = 6003F582195388D10070C39A /* Project object */;
}
